// !$*UTF8*$!
{
	archiveVersion = 1;
	classes = {
	};
	objectVersion = 56;
	objects = {

/* Begin PBXBuildFile section */
		6202685F2AD69A5D00858EF0 /* QuakeError.swift in Sources */ = {isa = PBXBuildFile; fileRef = 6202685E2AD69A5D00858EF0 /* QuakeError.swift */; };
		620268672AD69BA700858EF0 /* EarthquakesTests.swift in Sources */ = {isa = PBXBuildFile; fileRef = 620268662AD69BA700858EF0 /* EarthquakesTests.swift */; };
		620268702AD69DE900858EF0 /* GeoJSON.swift in Sources */ = {isa = PBXBuildFile; fileRef = 6202686F2AD69DE800858EF0 /* GeoJSON.swift */; };
		620268722AD6A93900858EF0 /* QuakeLocation.swift in Sources */ = {isa = PBXBuildFile; fileRef = 620268712AD6A93900858EF0 /* QuakeLocation.swift */; };
		620268742AD6B01100858EF0 /* HTTPDataDownloader.swift in Sources */ = {isa = PBXBuildFile; fileRef = 620268732AD6B01100858EF0 /* HTTPDataDownloader.swift */; };
		620268762AD6B18300858EF0 /* QuakeClient.swift in Sources */ = {isa = PBXBuildFile; fileRef = 620268752AD6B18300858EF0 /* QuakeClient.swift */; };
		620268772AD6B1D400858EF0 /* TestData.swift in Sources */ = {isa = PBXBuildFile; fileRef = 6202686D2AD69C0F00858EF0 /* TestData.swift */; };
		620268792AD6B3AC00858EF0 /* TestDownloader.swift in Sources */ = {isa = PBXBuildFile; fileRef = 620268782AD6B3AC00858EF0 /* TestDownloader.swift */; };
		6202687B2AD6B3E900858EF0 /* QuakesProvider.swift in Sources */ = {isa = PBXBuildFile; fileRef = 6202687A2AD6B3E900858EF0 /* QuakesProvider.swift */; };
		6202687D2AD6FE8900858EF0 /* CacheEntryObject.swift in Sources */ = {isa = PBXBuildFile; fileRef = 6202687C2AD6FE8900858EF0 /* CacheEntryObject.swift */; };
		6202687F2AD6FECA00858EF0 /* NSCache+Subscript.swift in Sources */ = {isa = PBXBuildFile; fileRef = 6202687E2AD6FECA00858EF0 /* NSCache+Subscript.swift */; };
		620268812AD703C500858EF0 /* Quake+Preview.swift in Sources */ = {isa = PBXBuildFile; fileRef = 620268802AD703C500858EF0 /* Quake+Preview.swift */; };
		620268832AD703E000858EF0 /* QuakeDetail.swift in Sources */ = {isa = PBXBuildFile; fileRef = 620268822AD703E000858EF0 /* QuakeDetail.swift */; };
		620268852AD7087400858EF0 /* QuakeDetailMap.swift in Sources */ = {isa = PBXBuildFile; fileRef = 620268842AD7087400858EF0 /* QuakeDetailMap.swift */; };
		62F26B1D2AD53B0600EA603E /* EarthquakesApp.swift in Sources */ = {isa = PBXBuildFile; fileRef = 62F26B1C2AD53B0600EA603E /* EarthquakesApp.swift */; };
		62F26B212AD53B0700EA603E /* Assets.xcassets in Resources */ = {isa = PBXBuildFile; fileRef = 62F26B202AD53B0700EA603E /* Assets.xcassets */; };
		62F26B242AD53B0700EA603E /* Preview Assets.xcassets in Resources */ = {isa = PBXBuildFile; fileRef = 62F26B232AD53B0700EA603E /* Preview Assets.xcassets */; };
		62F26B2C2AD53B6C00EA603E /* Quake.swift in Sources */ = {isa = PBXBuildFile; fileRef = 62F26B2B2AD53B6C00EA603E /* Quake.swift */; };
		62F26B2E2AD53B8500EA603E /* Quake+Color.swift in Sources */ = {isa = PBXBuildFile; fileRef = 62F26B2D2AD53B8500EA603E /* Quake+Color.swift */; };
		62F26B312AD53BEF00EA603E /* Quakes.swift in Sources */ = {isa = PBXBuildFile; fileRef = 62F26B302AD53BEF00EA603E /* Quakes.swift */; };
		62F26B332AD53C6F00EA603E /* QuakeRow.swift in Sources */ = {isa = PBXBuildFile; fileRef = 62F26B322AD53C6F00EA603E /* QuakeRow.swift */; };
		62F26B352AD53C7F00EA603E /* QuakeMagnitude.swift in Sources */ = {isa = PBXBuildFile; fileRef = 62F26B342AD53C7F00EA603E /* QuakeMagnitude.swift */; };
		62F26B382AD53D1800EA603E /* Quakes+Toolbar.swift in Sources */ = {isa = PBXBuildFile; fileRef = 62F26B372AD53D1800EA603E /* Quakes+Toolbar.swift */; };
		62F26B3A2AD53D4900EA603E /* SelectButton.swift in Sources */ = {isa = PBXBuildFile; fileRef = 62F26B392AD53D4900EA603E /* SelectButton.swift */; };
		62F26B3C2AD53D5E00EA603E /* EditButton.swift in Sources */ = {isa = PBXBuildFile; fileRef = 62F26B3B2AD53D5E00EA603E /* EditButton.swift */; };
		62F26B3E2AD53DB100EA603E /* RefreshButton.swift in Sources */ = {isa = PBXBuildFile; fileRef = 62F26B3D2AD53DB100EA603E /* RefreshButton.swift */; };
		62F26B402AD53DC500EA603E /* ToolbarStatus.swift in Sources */ = {isa = PBXBuildFile; fileRef = 62F26B3F2AD53DC500EA603E /* ToolbarStatus.swift */; };
		62F26B422AD53DDD00EA603E /* DeleteButton.swift in Sources */ = {isa = PBXBuildFile; fileRef = 62F26B412AD53DDD00EA603E /* DeleteButton.swift */; };
/* End PBXBuildFile section */

/* Begin PBXContainerItemProxy section */
		620268682AD69BA700858EF0 /* PBXContainerItemProxy */ = {
			isa = PBXContainerItemProxy;
			containerPortal = 62F26B112AD53B0600EA603E /* Project object */;
			proxyType = 1;
			remoteGlobalIDString = 62F26B182AD53B0600EA603E;
			remoteInfo = Earthquakes;
		};
/* End PBXContainerItemProxy section */

/* Begin PBXFileReference section */
		6202685E2AD69A5D00858EF0 /* QuakeError.swift */ = {isa = PBXFileReference; lastKnownFileType = sourcecode.swift; path = QuakeError.swift; sourceTree = "<group>"; };
		620268642AD69BA700858EF0 /* EarthquakesTests.xctest */ = {isa = PBXFileReference; explicitFileType = wrapper.cfbundle; includeInIndex = 0; path = EarthquakesTests.xctest; sourceTree = BUILT_PRODUCTS_DIR; };
		620268662AD69BA700858EF0 /* EarthquakesTests.swift */ = {isa = PBXFileReference; lastKnownFileType = sourcecode.swift; path = EarthquakesTests.swift; sourceTree = "<group>"; };
		6202686D2AD69C0F00858EF0 /* TestData.swift */ = {isa = PBXFileReference; lastKnownFileType = sourcecode.swift; path = TestData.swift; sourceTree = "<group>"; };
		6202686F2AD69DE800858EF0 /* GeoJSON.swift */ = {isa = PBXFileReference; lastKnownFileType = sourcecode.swift; path = GeoJSON.swift; sourceTree = "<group>"; };
		620268712AD6A93900858EF0 /* QuakeLocation.swift */ = {isa = PBXFileReference; lastKnownFileType = sourcecode.swift; path = QuakeLocation.swift; sourceTree = "<group>"; };
		620268732AD6B01100858EF0 /* HTTPDataDownloader.swift */ = {isa = PBXFileReference; lastKnownFileType = sourcecode.swift; path = HTTPDataDownloader.swift; sourceTree = "<group>"; };
		620268752AD6B18300858EF0 /* QuakeClient.swift */ = {isa = PBXFileReference; lastKnownFileType = sourcecode.swift; path = QuakeClient.swift; sourceTree = "<group>"; };
		620268782AD6B3AC00858EF0 /* TestDownloader.swift */ = {isa = PBXFileReference; lastKnownFileType = sourcecode.swift; path = TestDownloader.swift; sourceTree = "<group>"; };
		6202687A2AD6B3E900858EF0 /* QuakesProvider.swift */ = {isa = PBXFileReference; lastKnownFileType = sourcecode.swift; path = QuakesProvider.swift; sourceTree = "<group>"; };
		6202687C2AD6FE8900858EF0 /* CacheEntryObject.swift */ = {isa = PBXFileReference; lastKnownFileType = sourcecode.swift; path = CacheEntryObject.swift; sourceTree = "<group>"; };
		6202687E2AD6FECA00858EF0 /* NSCache+Subscript.swift */ = {isa = PBXFileReference; lastKnownFileType = sourcecode.swift; path = "NSCache+Subscript.swift"; sourceTree = "<group>"; };
		620268802AD703C500858EF0 /* Quake+Preview.swift */ = {isa = PBXFileReference; lastKnownFileType = sourcecode.swift; path = "Quake+Preview.swift"; sourceTree = "<group>"; };
		620268822AD703E000858EF0 /* QuakeDetail.swift */ = {isa = PBXFileReference; lastKnownFileType = sourcecode.swift; path = QuakeDetail.swift; sourceTree = "<group>"; };
		620268842AD7087400858EF0 /* QuakeDetailMap.swift */ = {isa = PBXFileReference; lastKnownFileType = sourcecode.swift; path = QuakeDetailMap.swift; sourceTree = "<group>"; };
		62F26B192AD53B0600EA603E /* Earthquakes.app */ = {isa = PBXFileReference; explicitFileType = wrapper.application; includeInIndex = 0; path = Earthquakes.app; sourceTree = BUILT_PRODUCTS_DIR; };
		62F26B1C2AD53B0600EA603E /* EarthquakesApp.swift */ = {isa = PBXFileReference; lastKnownFileType = sourcecode.swift; path = EarthquakesApp.swift; sourceTree = "<group>"; };
		62F26B202AD53B0700EA603E /* Assets.xcassets */ = {isa = PBXFileReference; lastKnownFileType = folder.assetcatalog; path = Assets.xcassets; sourceTree = "<group>"; };
		62F26B232AD53B0700EA603E /* Preview Assets.xcassets */ = {isa = PBXFileReference; lastKnownFileType = folder.assetcatalog; path = "Preview Assets.xcassets"; sourceTree = "<group>"; };
		62F26B2B2AD53B6C00EA603E /* Quake.swift */ = {isa = PBXFileReference; lastKnownFileType = sourcecode.swift; path = Quake.swift; sourceTree = "<group>"; };
		62F26B2D2AD53B8500EA603E /* Quake+Color.swift */ = {isa = PBXFileReference; lastKnownFileType = sourcecode.swift; path = "Quake+Color.swift"; sourceTree = "<group>"; };
		62F26B302AD53BEF00EA603E /* Quakes.swift */ = {isa = PBXFileReference; lastKnownFileType = sourcecode.swift; path = Quakes.swift; sourceTree = "<group>"; };
		62F26B322AD53C6F00EA603E /* QuakeRow.swift */ = {isa = PBXFileReference; lastKnownFileType = sourcecode.swift; path = QuakeRow.swift; sourceTree = "<group>"; };
		62F26B342AD53C7F00EA603E /* QuakeMagnitude.swift */ = {isa = PBXFileReference; lastKnownFileType = sourcecode.swift; path = QuakeMagnitude.swift; sourceTree = "<group>"; };
		62F26B372AD53D1800EA603E /* Quakes+Toolbar.swift */ = {isa = PBXFileReference; lastKnownFileType = sourcecode.swift; path = "Quakes+Toolbar.swift"; sourceTree = "<group>"; };
		62F26B392AD53D4900EA603E /* SelectButton.swift */ = {isa = PBXFileReference; lastKnownFileType = sourcecode.swift; path = SelectButton.swift; sourceTree = "<group>"; };
		62F26B3B2AD53D5E00EA603E /* EditButton.swift */ = {isa = PBXFileReference; lastKnownFileType = sourcecode.swift; path = EditButton.swift; sourceTree = "<group>"; };
		62F26B3D2AD53DB100EA603E /* RefreshButton.swift */ = {isa = PBXFileReference; lastKnownFileType = sourcecode.swift; path = RefreshButton.swift; sourceTree = "<group>"; };
		62F26B3F2AD53DC500EA603E /* ToolbarStatus.swift */ = {isa = PBXFileReference; lastKnownFileType = sourcecode.swift; path = ToolbarStatus.swift; sourceTree = "<group>"; };
		62F26B412AD53DDD00EA603E /* DeleteButton.swift */ = {isa = PBXFileReference; lastKnownFileType = sourcecode.swift; path = DeleteButton.swift; sourceTree = "<group>"; };
/* End PBXFileReference section */

/* Begin PBXFrameworksBuildPhase section */
		620268612AD69BA700858EF0 /* Frameworks */ = {
			isa = PBXFrameworksBuildPhase;
			buildActionMask = 2147483647;
			files = (
			);
			runOnlyForDeploymentPostprocessing = 0;
		};
		62F26B162AD53B0600EA603E /* Frameworks */ = {
			isa = PBXFrameworksBuildPhase;
			buildActionMask = 2147483647;
			files = (
			);
			runOnlyForDeploymentPostprocessing = 0;
		};
/* End PBXFrameworksBuildPhase section */

/* Begin PBXGroup section */
		620268652AD69BA700858EF0 /* EarthquakesTests */ = {
			isa = PBXGroup;
			children = (
				620268662AD69BA700858EF0 /* EarthquakesTests.swift */,
			);
			path = EarthquakesTests;
			sourceTree = "<group>";
		};
		62F26B102AD53B0600EA603E = {
			isa = PBXGroup;
			children = (
				62F26B1B2AD53B0600EA603E /* Earthquakes */,
				620268652AD69BA700858EF0 /* EarthquakesTests */,
				62F26B1A2AD53B0600EA603E /* Products */,
			);
			sourceTree = "<group>";
		};
		62F26B1A2AD53B0600EA603E /* Products */ = {
			isa = PBXGroup;
			children = (
				62F26B192AD53B0600EA603E /* Earthquakes.app */,
				620268642AD69BA700858EF0 /* EarthquakesTests.xctest */,
			);
			name = Products;
			sourceTree = "<group>";
		};
		62F26B1B2AD53B0600EA603E /* Earthquakes */ = {
			isa = PBXGroup;
			children = (
				62F26B1C2AD53B0600EA603E /* EarthquakesApp.swift */,
				62F26B2A2AD53B1F00EA603E /* Models */,
				62F26B2F2AD53BDA00EA603E /* Views */,
				62F26B202AD53B0700EA603E /* Assets.xcassets */,
				62F26B222AD53B0700EA603E /* Preview Content */,
			);
			path = Earthquakes;
			sourceTree = "<group>";
		};
		62F26B222AD53B0700EA603E /* Preview Content */ = {
			isa = PBXGroup;
			children = (
				62F26B232AD53B0700EA603E /* Preview Assets.xcassets */,
				6202686D2AD69C0F00858EF0 /* TestData.swift */,
				620268782AD6B3AC00858EF0 /* TestDownloader.swift */,
				620268802AD703C500858EF0 /* Quake+Preview.swift */,
			);
			path = "Preview Content";
			sourceTree = "<group>";
		};
		62F26B2A2AD53B1F00EA603E /* Models */ = {
			isa = PBXGroup;
			children = (
				620268732AD6B01100858EF0 /* HTTPDataDownloader.swift */,
				6202686F2AD69DE800858EF0 /* GeoJSON.swift */,
				62F26B2B2AD53B6C00EA603E /* Quake.swift */,
				62F26B2D2AD53B8500EA603E /* Quake+Color.swift */,
				620268752AD6B18300858EF0 /* QuakeClient.swift */,
				6202685E2AD69A5D00858EF0 /* QuakeError.swift */,
				620268712AD6A93900858EF0 /* QuakeLocation.swift */,
				6202687A2AD6B3E900858EF0 /* QuakesProvider.swift */,
				6202687C2AD6FE8900858EF0 /* CacheEntryObject.swift */,
				6202687E2AD6FECA00858EF0 /* NSCache+Subscript.swift */,
			);
			path = Models;
			sourceTree = "<group>";
		};
		62F26B2F2AD53BDA00EA603E /* Views */ = {
			isa = PBXGroup;
			children = (
				62F26B302AD53BEF00EA603E /* Quakes.swift */,
				620268822AD703E000858EF0 /* QuakeDetail.swift */,
				620268842AD7087400858EF0 /* QuakeDetailMap.swift */,
				62F26B322AD53C6F00EA603E /* QuakeRow.swift */,
				62F26B342AD53C7F00EA603E /* QuakeMagnitude.swift */,
				62F26B362AD53CFE00EA603E /* ToolbarContent */,
			);
			path = Views;
			sourceTree = "<group>";
		};
		62F26B362AD53CFE00EA603E /* ToolbarContent */ = {
			isa = PBXGroup;
			children = (
				62F26B412AD53DDD00EA603E /* DeleteButton.swift */,
				62F26B3B2AD53D5E00EA603E /* EditButton.swift */,
				62F26B372AD53D1800EA603E /* Quakes+Toolbar.swift */,
				62F26B3D2AD53DB100EA603E /* RefreshButton.swift */,
				62F26B392AD53D4900EA603E /* SelectButton.swift */,
				62F26B3F2AD53DC500EA603E /* ToolbarStatus.swift */,
			);
			path = ToolbarContent;
			sourceTree = "<group>";
		};
/* End PBXGroup section */

/* Begin PBXNativeTarget section */
		620268632AD69BA700858EF0 /* EarthquakesTests */ = {
			isa = PBXNativeTarget;
			buildConfigurationList = 6202686A2AD69BA700858EF0 /* Build configuration list for PBXNativeTarget "EarthquakesTests" */;
			buildPhases = (
				620268602AD69BA700858EF0 /* Sources */,
				620268612AD69BA700858EF0 /* Frameworks */,
				620268622AD69BA700858EF0 /* Resources */,
			);
			buildRules = (
			);
			dependencies = (
				620268692AD69BA700858EF0 /* PBXTargetDependency */,
			);
			name = EarthquakesTests;
			productName = EarthquakesTests;
			productReference = 620268642AD69BA700858EF0 /* EarthquakesTests.xctest */;
			productType = "com.apple.product-type.bundle.unit-test";
		};
		62F26B182AD53B0600EA603E /* Earthquakes */ = {
			isa = PBXNativeTarget;
			buildConfigurationList = 62F26B272AD53B0700EA603E /* Build configuration list for PBXNativeTarget "Earthquakes" */;
			buildPhases = (
				62F26B152AD53B0600EA603E /* Sources */,
				62F26B162AD53B0600EA603E /* Frameworks */,
				62F26B172AD53B0600EA603E /* Resources */,
			);
			buildRules = (
			);
			dependencies = (
			);
			name = Earthquakes;
			productName = Earthquakes;
			productReference = 62F26B192AD53B0600EA603E /* Earthquakes.app */;
			productType = "com.apple.product-type.application";
		};
/* End PBXNativeTarget section */

/* Begin PBXProject section */
		62F26B112AD53B0600EA603E /* Project object */ = {
			isa = PBXProject;
			attributes = {
				BuildIndependentTargetsInParallel = 1;
				LastSwiftUpdateCheck = 1500;
				LastUpgradeCheck = 1500;
				TargetAttributes = {
					620268632AD69BA700858EF0 = {
						CreatedOnToolsVersion = 15.0;
						TestTargetID = 62F26B182AD53B0600EA603E;
					};
					62F26B182AD53B0600EA603E = {
						CreatedOnToolsVersion = 15.0;
					};
				};
			};
			buildConfigurationList = 62F26B142AD53B0600EA603E /* Build configuration list for PBXProject "Earthquakes" */;
			compatibilityVersion = "Xcode 14.0";
			developmentRegion = en;
			hasScannedForEncodings = 0;
			knownRegions = (
				en,
				Base,
			);
			mainGroup = 62F26B102AD53B0600EA603E;
			productRefGroup = 62F26B1A2AD53B0600EA603E /* Products */;
			projectDirPath = "";
			projectRoot = "";
			targets = (
				62F26B182AD53B0600EA603E /* Earthquakes */,
				620268632AD69BA700858EF0 /* EarthquakesTests */,
			);
		};
/* End PBXProject section */

/* Begin PBXResourcesBuildPhase section */
		620268622AD69BA700858EF0 /* Resources */ = {
			isa = PBXResourcesBuildPhase;
			buildActionMask = 2147483647;
			files = (
			);
			runOnlyForDeploymentPostprocessing = 0;
		};
		62F26B172AD53B0600EA603E /* Resources */ = {
			isa = PBXResourcesBuildPhase;
			buildActionMask = 2147483647;
			files = (
				62F26B242AD53B0700EA603E /* Preview Assets.xcassets in Resources */,
				62F26B212AD53B0700EA603E /* Assets.xcassets in Resources */,
			);
			runOnlyForDeploymentPostprocessing = 0;
		};
/* End PBXResourcesBuildPhase section */

/* Begin PBXSourcesBuildPhase section */
		620268602AD69BA700858EF0 /* Sources */ = {
			isa = PBXSourcesBuildPhase;
			buildActionMask = 2147483647;
			files = (
				620268672AD69BA700858EF0 /* EarthquakesTests.swift in Sources */,
			);
			runOnlyForDeploymentPostprocessing = 0;
		};
		62F26B152AD53B0600EA603E /* Sources */ = {
			isa = PBXSourcesBuildPhase;
			buildActionMask = 2147483647;
			files = (
				62F26B3A2AD53D4900EA603E /* SelectButton.swift in Sources */,
				62F26B402AD53DC500EA603E /* ToolbarStatus.swift in Sources */,
				62F26B2E2AD53B8500EA603E /* Quake+Color.swift in Sources */,
				620268702AD69DE900858EF0 /* GeoJSON.swift in Sources */,
				62F26B3E2AD53DB100EA603E /* RefreshButton.swift in Sources */,
				620268852AD7087400858EF0 /* QuakeDetailMap.swift in Sources */,
				62F26B352AD53C7F00EA603E /* QuakeMagnitude.swift in Sources */,
				62F26B2C2AD53B6C00EA603E /* Quake.swift in Sources */,
				6202687D2AD6FE8900858EF0 /* CacheEntryObject.swift in Sources */,
				62F26B3C2AD53D5E00EA603E /* EditButton.swift in Sources */,
				6202687B2AD6B3E900858EF0 /* QuakesProvider.swift in Sources */,
				62F26B312AD53BEF00EA603E /* Quakes.swift in Sources */,
				620268772AD6B1D400858EF0 /* TestData.swift in Sources */,
				62F26B422AD53DDD00EA603E /* DeleteButton.swift in Sources */,
				6202685F2AD69A5D00858EF0 /* QuakeError.swift in Sources */,
				620268722AD6A93900858EF0 /* QuakeLocation.swift in Sources */,
				620268812AD703C500858EF0 /* Quake+Preview.swift in Sources */,
				620268742AD6B01100858EF0 /* HTTPDataDownloader.swift in Sources */,
				62F26B332AD53C6F00EA603E /* QuakeRow.swift in Sources */,
				620268762AD6B18300858EF0 /* QuakeClient.swift in Sources */,
				62F26B1D2AD53B0600EA603E /* EarthquakesApp.swift in Sources */,
				620268792AD6B3AC00858EF0 /* TestDownloader.swift in Sources */,
				62F26B382AD53D1800EA603E /* Quakes+Toolbar.swift in Sources */,
				620268832AD703E000858EF0 /* QuakeDetail.swift in Sources */,
				6202687F2AD6FECA00858EF0 /* NSCache+Subscript.swift in Sources */,
			);
			runOnlyForDeploymentPostprocessing = 0;
		};
/* End PBXSourcesBuildPhase section */

/* Begin PBXTargetDependency section */
		620268692AD69BA700858EF0 /* PBXTargetDependency */ = {
			isa = PBXTargetDependency;
			target = 62F26B182AD53B0600EA603E /* Earthquakes */;
			targetProxy = 620268682AD69BA700858EF0 /* PBXContainerItemProxy */;
		};
/* End PBXTargetDependency section */

/* Begin XCBuildConfiguration section */
		6202686B2AD69BA700858EF0 /* Debug */ = {
			isa = XCBuildConfiguration;
			buildSettings = {
				BUNDLE_LOADER = "$(TEST_HOST)";
				CODE_SIGN_STYLE = Automatic;
				CURRENT_PROJECT_VERSION = 1;
				DEVELOPMENT_TEAM = JY68QCXDV6;
				GENERATE_INFOPLIST_FILE = YES;
				MARKETING_VERSION = 1.0;
				PRODUCT_BUNDLE_IDENTIFIER = com.robertoliccardo.EarthquakesTests;
				PRODUCT_NAME = "$(TARGET_NAME)";
				SWIFT_EMIT_LOC_STRINGS = NO;
				SWIFT_VERSION = 5.0;
				TARGETED_DEVICE_FAMILY = "1,2";
				TEST_HOST = "$(BUILT_PRODUCTS_DIR)/Earthquakes.app/$(BUNDLE_EXECUTABLE_FOLDER_PATH)/Earthquakes";
			};
			name = Debug;
		};
		6202686C2AD69BA700858EF0 /* Release */ = {
			isa = XCBuildConfiguration;
			buildSettings = {
				BUNDLE_LOADER = "$(TEST_HOST)";
				CODE_SIGN_STYLE = Automatic;
				CURRENT_PROJECT_VERSION = 1;
				DEVELOPMENT_TEAM = JY68QCXDV6;
				GENERATE_INFOPLIST_FILE = YES;
				MARKETING_VERSION = 1.0;
				PRODUCT_BUNDLE_IDENTIFIER = com.robertoliccardo.EarthquakesTests;
				PRODUCT_NAME = "$(TARGET_NAME)";
				SWIFT_EMIT_LOC_STRINGS = NO;
				SWIFT_VERSION = 5.0;
				TARGETED_DEVICE_FAMILY = "1,2";
				TEST_HOST = "$(BUILT_PRODUCTS_DIR)/Earthquakes.app/$(BUNDLE_EXECUTABLE_FOLDER_PATH)/Earthquakes";
			};
			name = Release;
		};
		62F26B252AD53B0700EA603E /* Debug */ = {
			isa = XCBuildConfiguration;
			buildSettings = {
				ALWAYS_SEARCH_USER_PATHS = NO;
				ASSETCATALOG_COMPILER_GENERATE_SWIFT_ASSET_SYMBOL_EXTENSIONS = YES;
				CLANG_ANALYZER_NONNULL = YES;
				CLANG_ANALYZER_NUMBER_OBJECT_CONVERSION = YES_AGGRESSIVE;
				CLANG_CXX_LANGUAGE_STANDARD = "gnu++20";
				CLANG_ENABLE_MODULES = YES;
				CLANG_ENABLE_OBJC_ARC = YES;
				CLANG_ENABLE_OBJC_WEAK = YES;
				CLANG_WARN_BLOCK_CAPTURE_AUTORELEASING = YES;
				CLANG_WARN_BOOL_CONVERSION = YES;
				CLANG_WARN_COMMA = YES;
				CLANG_WARN_CONSTANT_CONVERSION = YES;
				CLANG_WARN_DEPRECATED_OBJC_IMPLEMENTATIONS = YES;
				CLANG_WARN_DIRECT_OBJC_ISA_USAGE = YES_ERROR;
				CLANG_WARN_DOCUMENTATION_COMMENTS = YES;
				CLANG_WARN_EMPTY_BODY = YES;
				CLANG_WARN_ENUM_CONVERSION = YES;
				CLANG_WARN_INFINITE_RECURSION = YES;
				CLANG_WARN_INT_CONVERSION = YES;
				CLANG_WARN_NON_LITERAL_NULL_CONVERSION = YES;
				CLANG_WARN_OBJC_IMPLICIT_RETAIN_SELF = YES;
				CLANG_WARN_OBJC_LITERAL_CONVERSION = YES;
				CLANG_WARN_OBJC_ROOT_CLASS = YES_ERROR;
				CLANG_WARN_QUOTED_INCLUDE_IN_FRAMEWORK_HEADER = YES;
				CLANG_WARN_RANGE_LOOP_ANALYSIS = YES;
				CLANG_WARN_STRICT_PROTOTYPES = YES;
				CLANG_WARN_SUSPICIOUS_MOVE = YES;
				CLANG_WARN_UNGUARDED_AVAILABILITY = YES_AGGRESSIVE;
				CLANG_WARN_UNREACHABLE_CODE = YES;
				CLANG_WARN__DUPLICATE_METHOD_MATCH = YES;
				COPY_PHASE_STRIP = NO;
				DEBUG_INFORMATION_FORMAT = dwarf;
				ENABLE_STRICT_OBJC_MSGSEND = YES;
				ENABLE_TESTABILITY = YES;
				ENABLE_USER_SCRIPT_SANDBOXING = YES;
				GCC_C_LANGUAGE_STANDARD = gnu17;
				GCC_DYNAMIC_NO_PIC = NO;
				GCC_NO_COMMON_BLOCKS = YES;
				GCC_OPTIMIZATION_LEVEL = 0;
				GCC_PREPROCESSOR_DEFINITIONS = (
					"DEBUG=1",
					"$(inherited)",
				);
				GCC_WARN_64_TO_32_BIT_CONVERSION = YES;
				GCC_WARN_ABOUT_RETURN_TYPE = YES_ERROR;
				GCC_WARN_UNDECLARED_SELECTOR = YES;
				GCC_WARN_UNINITIALIZED_AUTOS = YES_AGGRESSIVE;
				GCC_WARN_UNUSED_FUNCTION = YES;
				GCC_WARN_UNUSED_VARIABLE = YES;
				IPHONEOS_DEPLOYMENT_TARGET = 17.0;
				LOCALIZATION_PREFERS_STRING_CATALOGS = YES;
				MTL_ENABLE_DEBUG_INFO = INCLUDE_SOURCE;
				MTL_FAST_MATH = YES;
				ONLY_ACTIVE_ARCH = YES;
				SDKROOT = iphoneos;
				SWIFT_ACTIVE_COMPILATION_CONDITIONS = "DEBUG $(inherited)";
				SWIFT_OPTIMIZATION_LEVEL = "-Onone";
			};
			name = Debug;
		};
		62F26B262AD53B0700EA603E /* Release */ = {
			isa = XCBuildConfiguration;
			buildSettings = {
				ALWAYS_SEARCH_USER_PATHS = NO;
				ASSETCATALOG_COMPILER_GENERATE_SWIFT_ASSET_SYMBOL_EXTENSIONS = YES;
				CLANG_ANALYZER_NONNULL = YES;
				CLANG_ANALYZER_NUMBER_OBJECT_CONVERSION = YES_AGGRESSIVE;
				CLANG_CXX_LANGUAGE_STANDARD = "gnu++20";
				CLANG_ENABLE_MODULES = YES;
				CLANG_ENABLE_OBJC_ARC = YES;
				CLANG_ENABLE_OBJC_WEAK = YES;
				CLANG_WARN_BLOCK_CAPTURE_AUTORELEASING = YES;
				CLANG_WARN_BOOL_CONVERSION = YES;
				CLANG_WARN_COMMA = YES;
				CLANG_WARN_CONSTANT_CONVERSION = YES;
				CLANG_WARN_DEPRECATED_OBJC_IMPLEMENTATIONS = YES;
				CLANG_WARN_DIRECT_OBJC_ISA_USAGE = YES_ERROR;
				CLANG_WARN_DOCUMENTATION_COMMENTS = YES;
				CLANG_WARN_EMPTY_BODY = YES;
				CLANG_WARN_ENUM_CONVERSION = YES;
				CLANG_WARN_INFINITE_RECURSION = YES;
				CLANG_WARN_INT_CONVERSION = YES;
				CLANG_WARN_NON_LITERAL_NULL_CONVERSION = YES;
				CLANG_WARN_OBJC_IMPLICIT_RETAIN_SELF = YES;
				CLANG_WARN_OBJC_LITERAL_CONVERSION = YES;
				CLANG_WARN_OBJC_ROOT_CLASS = YES_ERROR;
				CLANG_WARN_QUOTED_INCLUDE_IN_FRAMEWORK_HEADER = YES;
				CLANG_WARN_RANGE_LOOP_ANALYSIS = YES;
				CLANG_WARN_STRICT_PROTOTYPES = YES;
				CLANG_WARN_SUSPICIOUS_MOVE = YES;
				CLANG_WARN_UNGUARDED_AVAILABILITY = YES_AGGRESSIVE;
				CLANG_WARN_UNREACHABLE_CODE = YES;
				CLANG_WARN__DUPLICATE_METHOD_MATCH = YES;
				COPY_PHASE_STRIP = NO;
				DEBUG_INFORMATION_FORMAT = "dwarf-with-dsym";
				ENABLE_NS_ASSERTIONS = NO;
				ENABLE_STRICT_OBJC_MSGSEND = YES;
				ENABLE_USER_SCRIPT_SANDBOXING = YES;
				GCC_C_LANGUAGE_STANDARD = gnu17;
				GCC_NO_COMMON_BLOCKS = YES;
				GCC_WARN_64_TO_32_BIT_CONVERSION = YES;
				GCC_WARN_ABOUT_RETURN_TYPE = YES_ERROR;
				GCC_WARN_UNDECLARED_SELECTOR = YES;
				GCC_WARN_UNINITIALIZED_AUTOS = YES_AGGRESSIVE;
				GCC_WARN_UNUSED_FUNCTION = YES;
				GCC_WARN_UNUSED_VARIABLE = YES;
				IPHONEOS_DEPLOYMENT_TARGET = 17.0;
				LOCALIZATION_PREFERS_STRING_CATALOGS = YES;
				MTL_ENABLE_DEBUG_INFO = NO;
				MTL_FAST_MATH = YES;
				SDKROOT = iphoneos;
				SWIFT_COMPILATION_MODE = wholemodule;
				VALIDATE_PRODUCT = YES;
			};
			name = Release;
		};
		62F26B282AD53B0700EA603E /* Debug */ = {
			isa = XCBuildConfiguration;
			buildSettings = {
				ASSETCATALOG_COMPILER_APPICON_NAME = AppIcon;
				ASSETCATALOG_COMPILER_GLOBAL_ACCENT_COLOR_NAME = AccentColor;
				CODE_SIGN_STYLE = Automatic;
				CURRENT_PROJECT_VERSION = 1;
				DEVELOPMENT_ASSET_PATHS = "\"Earthquakes/Preview Content\"";
				DEVELOPMENT_TEAM = JY68QCXDV6;
				ENABLE_PREVIEWS = YES;
				GENERATE_INFOPLIST_FILE = YES;
				INFOPLIST_KEY_UIApplicationSceneManifest_Generation = YES;
				INFOPLIST_KEY_UIApplicationSupportsIndirectInputEvents = YES;
				INFOPLIST_KEY_UILaunchScreen_Generation = YES;
				INFOPLIST_KEY_UISupportedInterfaceOrientations_iPad = "UIInterfaceOrientationPortrait UIInterfaceOrientationPortraitUpsideDown UIInterfaceOrientationLandscapeLeft UIInterfaceOrientationLandscapeRight";
				INFOPLIST_KEY_UISupportedInterfaceOrientations_iPhone = "UIInterfaceOrientationPortrait UIInterfaceOrientationLandscapeLeft UIInterfaceOrientationLandscapeRight";
				IPHONEOS_DEPLOYMENT_TARGET = 15.0;
				LD_RUNPATH_SEARCH_PATHS = (
					"$(inherited)",
					"@executable_path/Frameworks",
				);
				MARKETING_VERSION = 1.0;
				PRODUCT_BUNDLE_IDENTIFIER = com.robertoliccardo.Earthquakes;
				PRODUCT_NAME = "$(TARGET_NAME)";
				SWIFT_EMIT_LOC_STRINGS = YES;
				SWIFT_VERSION = 5.0;
				TARGETED_DEVICE_FAMILY = "1,2";
			};
			name = Debug;
		};
		62F26B292AD53B0700EA603E /* Release */ = {
			isa = XCBuildConfiguration;
			buildSettings = {
				ASSETCATALOG_COMPILER_APPICON_NAME = AppIcon;
				ASSETCATALOG_COMPILER_GLOBAL_ACCENT_COLOR_NAME = AccentColor;
				CODE_SIGN_STYLE = Automatic;
				CURRENT_PROJECT_VERSION = 1;
				DEVELOPMENT_ASSET_PATHS = "\"Earthquakes/Preview Content\"";
				DEVELOPMENT_TEAM = JY68QCXDV6;
				ENABLE_PREVIEWS = YES;
				GENERATE_INFOPLIST_FILE = YES;
				INFOPLIST_KEY_UIApplicationSceneManifest_Generation = YES;
				INFOPLIST_KEY_UIApplicationSupportsIndirectInputEvents = YES;
				INFOPLIST_KEY_UILaunchScreen_Generation = YES;
				INFOPLIST_KEY_UISupportedInterfaceOrientations_iPad = "UIInterfaceOrientationPortrait UIInterfaceOrientationPortraitUpsideDown UIInterfaceOrientationLandscapeLeft UIInterfaceOrientationLandscapeRight";
				INFOPLIST_KEY_UISupportedInterfaceOrientations_iPhone = "UIInterfaceOrientationPortrait UIInterfaceOrientationLandscapeLeft UIInterfaceOrientationLandscapeRight";
				IPHONEOS_DEPLOYMENT_TARGET = 15.0;
				LD_RUNPATH_SEARCH_PATHS = (
					"$(inherited)",
					"@executable_path/Frameworks",
				);
				MARKETING_VERSION = 1.0;
				PRODUCT_BUNDLE_IDENTIFIER = com.robertoliccardo.Earthquakes;
				PRODUCT_NAME = "$(TARGET_NAME)";
				SWIFT_EMIT_LOC_STRINGS = YES;
				SWIFT_VERSION = 5.0;
				TARGETED_DEVICE_FAMILY = "1,2";
			};
			name = Release;
		};
/* End XCBuildConfiguration section */

/* Begin XCConfigurationList section */
		6202686A2AD69BA700858EF0 /* Build configuration list for PBXNativeTarget "EarthquakesTests" */ = {
			isa = XCConfigurationList;
			buildConfigurations = (
				6202686B2AD69BA700858EF0 /* Debug */,
				6202686C2AD69BA700858EF0 /* Release */,
			);
			defaultConfigurationIsVisible = 0;
			defaultConfigurationName = Release;
		};
		62F26B142AD53B0600EA603E /* Build configuration list for PBXProject "Earthquakes" */ = {
			isa = XCConfigurationList;
			buildConfigurations = (
				62F26B252AD53B0700EA603E /* Debug */,
				62F26B262AD53B0700EA603E /* Release */,
			);
			defaultConfigurationIsVisible = 0;
			defaultConfigurationName = Release;
		};
		62F26B272AD53B0700EA603E /* Build configuration list for PBXNativeTarget "Earthquakes" */ = {
			isa = XCConfigurationList;
			buildConfigurations = (
				62F26B282AD53B0700EA603E /* Debug */,
				62F26B292AD53B0700EA603E /* Release */,
			);
			defaultConfigurationIsVisible = 0;
			defaultConfigurationName = Release;
		};
/* End XCConfigurationList section */
	};
	rootObject = 62F26B112AD53B0600EA603E /* Project object */;
}
